# Copyright 2021-2024 NXP
#
# SPDX-License-Identifier: BSD-3-Clause

certificate_v1:
  type: object
  title: Certificate V1 Settings
  properties:
    imageBuildNumber:
      type: [number, string]
      title: Image Build Number
      description: If it's omitted, it will be used 0 as default value.
      format: number
      template_value: 0

    chainCertificate0File0:
      type: string
      title: Chain certificate 0 for root 0
      description: Chain certificate 0 for root certificate 0
      format: optional_file
      template_value: chain_certificate0_depth0.pem
    chainCertificate0File1:
      type: string
      title: Chain certificate 1 for root 0
      description: Chain certificate 1 for root certificate 0
      format: optional_file
      template_value: chain_certificate0_depth1.pem
    chainCertificate0File2:
      type: string
      title: Chain certificate 2 for root 0
      description: Chain certificate 2 for root certificate 0
      format: optional_file
      template_value: chain_certificate0_depth2.pem
    chainCertificate0File3:
      type: string
      title: Chain certificate 3 for root 0
      description: Chain certificate 3 for root certificate 0
      format: optional_file
      template_value: chain_certificate0_depth3.pem

    chainCertificate1File0:
      type: string
      title: Chain certificate 0 for root 1
      description: Chain certificate 0 for root certificate 1
      format: optional_file
      template_value: chain_certificate1_depth0.pem
    chainCertificate1File1:
      type: string
      title: Chain certificate 1 for root 1
      description: Chain certificate 1 for root certificate 1
      format: optional_file
      template_value: chain_certificate1_depth1.pem
    chainCertificate1File2:
      type: string
      title: Chain certificate 2 for root 1
      description: Chain certificate 2 for root certificate 1
      format: optional_file
      template_value: chain_certificate1_depth2.pem
    chainCertificate1File3:
      type: string
      title: Chain certificate 3 for root 1
      description: Chain certificate 3 for root certificate 1
      format: optional_file
      template_value: chain_certificate1_depth3.pem

    chainCertificate2File0:
      type: string
      title: Chain certificate 0 for root 2
      description: Chain certificate 0 for root certificate 2
      format: optional_file
      template_value: chain_certificate2_depth0.pem
    chainCertificate2File1:
      type: string
      title: Chain certificate 1 for root 2
      description: Chain certificate 1 for root certificate 2
      format: optional_file
      template_value: chain_certificate2_depth1.pem
    chainCertificate2File2:
      type: string
      title: Chain certificate 2 for root 2
      description: Chain certificate 2 for root certificate 2
      format: optional_file
      template_value: chain_certificate2_depth2.pem
    chainCertificate2File3:
      type: string
      title: Chain certificate 3 for root 2
      description: Chain certificate 3 for root certificate 2
      format: optional_file
      template_value: chain_certificate2_depth3.pem

    chainCertificate3File0:
      type: string
      title: Chain certificate 0 for root 3
      description: Chain certificate 0 for root certificate 3
      format: optional_file
      template_value: chain_certificate3_depth0.pem
    chainCertificate3File1:
      type: string
      title: Chain certificate 1 for root 3
      description: Chain certificate 1 for root certificate 3
      format: optional_file
      template_value: chain_certificate3_depth1.pem
    chainCertificate3File2:
      type: string
      title: Chain certificate 2 for root 3
      description: Chain certificate 2 for root certificate 3
      format: optional_file
      template_value: chain_certificate3_depth2.pem
    chainCertificate3File3:
      type: string
      title: Chain certificate 3 for root 3
      description: Chain certificate 3 for root certificate 3
      format: optional_file
      template_value: chain_certificate3_depth3.pem

certificate_v21:
  type: object
  title: ISK (Image signing key) Certificate Settings
  properties:
    family:
      type: string
      title: MCU family name.
      description: MCU family name.
      template_value: "lpc55s3x"

    useIsk:
      type: boolean
      title: Use ISK for signature certification
      description: Enable ISK type of signature certification.
      template_value: false

    signingCertificateFile:
      type: string
      title: ISK public key
      description: Path to ISK public key.
      format: file
      template_value: sign_cert.pub
      skip_in_template: true
    iskPublicKey:
      type: string
      title: ISK public key
      description: Path to ISK public key.
      format: file
      template_value: sign_cert.pub

    signingCertificateConstraint:
      type: [string, number]
      title: ISK certificate constraint
      description: Constraint is certificate version, compared with monotonic counter in fuses.
      format: number
      default: 0
      template_value: 0
      skip_in_template: true
    iskCertificateConstraint:
      type: [string, number]
      title: ISK certificate constraint
      description: Constraint is certificate version, compared with monotonic counter in fuses.
      format: number
      default: 0
      template_value: 0

    signCertData:
      type: string
      title: ISK certificate user data
      description: Path to user data.
      format: optional_file
      template_value: user_cert_data.bin
      skip_in_template: true
    iskCertData:
      type: string
      title: ISK certificate user data
      description: Path to user data.
      format: optional_file
      template_value: user_cert_data.bin

    mainRootCertPrivateKeyFile:
      type: string
      title: Main root Certification Private Key
      description: Path to Main root Certification Private Key.
      format: file
      template_value: main_cert_prv_key.pem
      skip_in_template: true
    signPrivateKey:
      type: string
      title: Main root Certification Private Key
      description: Path to Main root Certification Private Key.
      format: file
      template_value: main_cert_prv_key.pem

    signProvider:
      type: string
      title: Signature Provider
      description: Signature provider configuration in format 'type=<sp_type>;<key1>=<value1>;<key2>=<value2>'.
      template_value: type=file;file_path=root_prv_key.pem
  required: [family, useIsk]
  allOf: # Global all of group - this is main concatenation group for all sub rules
    - if:
        properties:
          useIsk:
            const: True
      then:
        allOf:
          - oneOf:
              - required: [signingCertificateFile]
              - required: [iskPublicKey]
        oneOf:
          - allOf:
              - oneOf:
                  - required: [mainRootCertPrivateKeyFile]
                  - required: [signPrivateKey]
              - not:
                  required: [signProvider]
          - allOf:
              - required: [signProvider]
              - not:
                  oneOf:
                    - required: [mainRootCertPrivateKeyFile]
                    - required: [signPrivateKey]

certificate_vx:
  type: object
  title: ISK Certificate Settings
  properties:
    selfSigned:
      type: boolean
      title: True if certificate is self signed, false for NXP Signed certificate
      description: NXP Signed = false, Self signed = true
      template_value: true

    signingCertificateFile:
      type: string
      title: ISK public key
      description: Path to ISK public key.
      format: file
      template_value: sign_cert.pub
      skip_in_template: true
    iskPublicKey:
      type: string
      title: ISK public key
      description: Path to ISK public key.
      format: file
      template_value: sign_cert.pub

    mainRootCertPrivateKeyFile:
      type: string
      title: Main root Certification Private Key
      description: Path to Main root Certification Private Key.
      format: file
      template_value: main_cert_prv_key.pem
      skip_in_template: true
    signPrivateKey:
      type: string
      title: Main root Certification Private Key
      description: Path to Main root Certification Private Key.
      format: file
      template_value: main_cert_prv_key.pem

    signProvider:
      type: string
      title: Signature Provider
      description: Signature provider configuration in format 'type=<sp_type>;<key1>=<value1>;<key2>=<value2>'.
      template_value: type=file;file_path=root_prv_key.pem

  allOf: # Global all of group - this is main concatenation group for all sub rules
    - if:
        properties:
          useIsk:
            const: True
      then:
        allOf:
          - oneOf:
              - required: [signingCertificateFile]
              - required: [iskPublicKey]
        oneOf:
          - allOf:
              - oneOf:
                  - required: [mainRootCertPrivateKeyFile]
                  - required: [signPrivateKey]
              - not:
                  required: [signProvider]
          - allOf:
              - required: [signProvider]
              - not:
                  oneOf:
                    - required: [mainRootCertPrivateKeyFile]
                    - required: [signPrivateKey]

cert_block_output:
  type: object
  title: Basic Settings
  properties:
    containerOutputFile:
      type: string
      title: cert block filename
      description: Generated cert block filename.
      template_value: cert_block.bin
  required: [containerOutputFile]

certificate_root_keys:
  type: object
  title: Root Keys Settings
  properties:
    rootCertificate0File:
      type: string
      title: Root Certificate File 0
      description: Root certificate file index 0.
      format: file
      template_value: my_certificate0.pub
    rootCertificate1File:
      type: string
      title: Root Certificate File 1
      description: Root certificate file index 1.
      format: optional_file
      template_value: my_certificate1.pub
    rootCertificate2File:
      type: string
      title: Root Certificate File 2
      description: Root certificate file index 2.
      format: optional_file
      template_value: my_certificate2.pub
    rootCertificate3File:
      type: string
      title: Root Certificate File 3
      description: Root certificate file index 3.
      format: optional_file
      template_value: my_certificate3.pub

    mainRootCertId:
      type: [number, string]
      title: Main Certificate Index
      description: Index of certificate that is used as a main. If not defined, the certificate matching private key will be selected.
      format: number
      template_value: 0

    mainCertChainId:
      type: [number, string]
      title: Main Certificate Chain Index
      description: Caution! This property is kept here for backwards compatibility with old schemas. Use mainRootCertId instead.
      format: number
      skip_in_template: true

  allOf: # Global all of group - this is main concatenation group for all sub rules
    - oneOf:
        - required: [binaryCertificateBlock]
        - allOf:
            - required: [rootCertificate0File]
            - anyOf:
                - allOf:
                    - required: [mainCertPrivateKeyFile]
                    - not:
                        required: [signProvider]
                - allOf:
                    - required: [signProvider]
                    - not:
                        required: [mainCertPrivateKeyFile]
                - anyOf:
                    - required: [mainRootCertId]
                    - required: [mainCertChainId]
