# Copyright 2023 NXP
#
# SPDX-License-Identifier: BSD-3-Clause
---
# =========================================  Certification Block V1 template  ==========================================

# ======================================================================================================================
#                                             == Certificate V1 Settings ==
# ======================================================================================================================
# ======================================================================================================================
#                                                == Root Keys Settings ==
# ======================================================================================================================
# -----------------------------===== Root Certificate File 0 [Conditionally required] =====-----------------------------
# Description: Root certificate file index 0.
rootCertificate0File: rotk0_rsa_2048.pub
# ------------------------------------===== Root Certificate File 1 [Optional] =====------------------------------------
# Description: Root certificate file index 1.
rootCertificate1File: rotk1_rsa_2048.pub
# ------------------------------------===== Root Certificate File 2 [Optional] =====------------------------------------
# Description: Root certificate file index 2.
rootCertificate2File: rotk2_rsa_2048.pub
# ------------------------------------===== Root Certificate File 3 [Optional] =====------------------------------------
# Description: Root certificate file index 3.
rootCertificate3File: rotk3_rsa_2048.pub
# -----------------------------===== Main Certificate Index [Conditionally required] =====------------------------------
# Description: Index of certificate that is used as a main. If not defined, the certificate matching private key will be
# selected.
mainRootCertId: 0
# ======================================================================================================================
#                                                  == Basic Settings ==
# ======================================================================================================================
# --------------------------------------===== cert block filename [Required] =====--------------------------------------
# Description: Generated cert block filename.
containerOutputFile: cert_block.bin
